
Microsoft Visual Studio Solution File, Format Version 12.00
# Visual Studio Version 17
VisualStudioVersion = 17.5.002.0
MinimumVisualStudioVersion = 10.0.40219.1
Project("{9A19103F-16F7-4668-BE54-9A1E7A4F7556}") = "SmartCollege.API", "SmartCollege.API\SmartCollege.API.csproj", "{5FA9F22E-918D-4C64-803F-8A3C6FAE606F}"
EndProject
Global
	GlobalSection(SolutionConfigurationPlatforms) = preSolution
		Debug|Any CPU = Debug|Any CPU
		Release|Any CPU = Release|Any CPU
	EndGlobalSection
	GlobalSection(ProjectConfigurationPlatforms) = postSolution
		{5FA9F22E-918D-4C64-803F-8A3C6FAE606F}.Debug|Any CPU.ActiveCfg = Debug|Any CPU
		{5FA9F22E-918D-4C64-803F-8A3C6FAE606F}.Debug|Any CPU.Build.0 = Debug|Any CPU
		{5FA9F22E-918D-4C64-803F-8A3C6FAE606F}.Release|Any CPU.ActiveCfg = Release|Any CPU
		{5FA9F22E-918D-4C64-803F-8A3C6FAE606F}.Release|Any CPU.Build.0 = Release|Any CPU
	EndGlobalSection
	GlobalSection(SolutionProperties) = preSolution
		HideSolutionNode = FALSE
	EndGlobalSection
	GlobalSection(ExtensibilityGlobals) = postSolution
		SolutionGuid = {004CF2EA-9DED-4EF8-8A66-E6C80AB69102}
	EndGlobalSection
EndGlobal
